// !$*UTF8*$!
{
	archiveVersion = 1;
	classes = {
	};
	objectVersion = 46;
	objects = {

/* Begin PBXBuildFile section */
		92C720291D4B6EE300E46B93 /* JsonToProperties.xcscheme in Resources */ = {isa = PBXBuildFile; fileRef = 92C720281D4B6EE300E46B93 /* JsonToProperties.xcscheme */; };
		92C7202C1D4B6EE400E46B93 /* JsonToProperties.m in Sources */ = {isa = PBXBuildFile; fileRef = 92C7202B1D4B6EE400E46B93 /* JsonToProperties.m */; };
		92C720361D4B6F2900E46B93 /* ZMBWindowController.m in Sources */ = {isa = PBXBuildFile; fileRef = 92C720341D4B6F2900E46B93 /* ZMBWindowController.m */; };
		92C720371D4B6F2900E46B93 /* ZMBWindowController.xib in Resources */ = {isa = PBXBuildFile; fileRef = 92C720351D4B6F2900E46B93 /* ZMBWindowController.xib */; };
/* End PBXBuildFile section */

/* Begin PBXFileReference section */
		92C720241D4B6EE300E46B93 /* JsonToProperties.xcplugin */ = {isa = PBXFileReference; explicitFileType = wrapper.cfbundle; includeInIndex = 0; path = JsonToProperties.xcplugin; sourceTree = BUILT_PRODUCTS_DIR; };
		92C720281D4B6EE300E46B93 /* JsonToProperties.xcscheme */ = {isa = PBXFileReference; lastKnownFileType = text.xml; name = JsonToProperties.xcscheme; path = JsonToProperties.xcodeproj/xcshareddata/xcschemes/JsonToProperties.xcscheme; sourceTree = SOURCE_ROOT; };
		92C7202A1D4B6EE400E46B93 /* JsonToProperties.h */ = {isa = PBXFileReference; lastKnownFileType = sourcecode.c.h; path = JsonToProperties.h; sourceTree = "<group>"; };
		92C7202B1D4B6EE400E46B93 /* JsonToProperties.m */ = {isa = PBXFileReference; lastKnownFileType = sourcecode.c.objc; path = JsonToProperties.m; sourceTree = "<group>"; };
		92C7202D1D4B6EE400E46B93 /* Info.plist */ = {isa = PBXFileReference; lastKnownFileType = text.plist.xml; path = Info.plist; sourceTree = "<group>"; };
		92C720331D4B6F2900E46B93 /* ZMBWindowController.h */ = {isa = PBXFileReference; fileEncoding = 4; lastKnownFileType = sourcecode.c.h; path = ZMBWindowController.h; sourceTree = "<group>"; };
		92C720341D4B6F2900E46B93 /* ZMBWindowController.m */ = {isa = PBXFileReference; fileEncoding = 4; lastKnownFileType = sourcecode.c.objc; path = ZMBWindowController.m; sourceTree = "<group>"; };
		92C720351D4B6F2900E46B93 /* ZMBWindowController.xib */ = {isa = PBXFileReference; fileEncoding = 4; lastKnownFileType = file.xib; path = ZMBWindowController.xib; sourceTree = "<group>"; };
/* End PBXFileReference section */

/* Begin PBXGroup section */
		92C7201C1D4B6EE300E46B93 = {
			isa = PBXGroup;
			children = (
				92C720261D4B6EE300E46B93 /* JsonToProperties */,
				92C720251D4B6EE300E46B93 /* Products */,
			);
			sourceTree = "<group>";
		};
		92C720251D4B6EE300E46B93 /* Products */ = {
			isa = PBXGroup;
			children = (
				92C720241D4B6EE300E46B93 /* JsonToProperties.xcplugin */,
			);
			name = Products;
			sourceTree = "<group>";
		};
		92C720261D4B6EE300E46B93 /* JsonToProperties */ = {
			isa = PBXGroup;
			children = (
				92C7202A1D4B6EE400E46B93 /* JsonToProperties.h */,
				92C7202B1D4B6EE400E46B93 /* JsonToProperties.m */,
				92C720331D4B6F2900E46B93 /* ZMBWindowController.h */,
				92C720341D4B6F2900E46B93 /* ZMBWindowController.m */,
				92C720351D4B6F2900E46B93 /* ZMBWindowController.xib */,
				92C7202D1D4B6EE400E46B93 /* Info.plist */,
				92C720271D4B6EE300E46B93 /* Supporting Files */,
			);
			path = JsonToProperties;
			sourceTree = "<group>";
		};
		92C720271D4B6EE300E46B93 /* Supporting Files */ = {
			isa = PBXGroup;
			children = (
				92C720281D4B6EE300E46B93 /* JsonToProperties.xcscheme */,
			);
			name = "Supporting Files";
			sourceTree = "<group>";
		};
/* End PBXGroup section */

/* Begin PBXNativeTarget section */
		92C720231D4B6EE300E46B93 /* JsonToProperties */ = {
			isa = PBXNativeTarget;
			buildConfigurationList = 92C720301D4B6EE400E46B93 /* Build configuration list for PBXNativeTarget "JsonToProperties" */;
			buildPhases = (
				92C720211D4B6EE300E46B93 /* Sources */,
				92C720221D4B6EE300E46B93 /* Resources */,
			);
			buildRules = (
			);
			dependencies = (
			);
			name = JsonToProperties;
			productName = JsonToProperties;
			productReference = 92C720241D4B6EE300E46B93 /* JsonToProperties.xcplugin */;
			productType = "com.apple.product-type.bundle";
		};
/* End PBXNativeTarget section */

/* Begin PBXProject section */
		92C7201D1D4B6EE300E46B93 /* Project object */ = {
			isa = PBXProject;
			attributes = {
				LastUpgradeCheck = 0730;
				ORGANIZATIONNAME = Hoolang;
				TargetAttributes = {
					92C720231D4B6EE300E46B93 = {
						CreatedOnToolsVersion = 7.3.1;
					};
				};
			};
			buildConfigurationList = 92C720201D4B6EE300E46B93 /* Build configuration list for PBXProject "JsonToProperties" */;
			compatibilityVersion = "Xcode 3.2";
			developmentRegion = English;
			hasScannedForEncodings = 0;
			knownRegions = (
				en,
			);
			mainGroup = 92C7201C1D4B6EE300E46B93;
			productRefGroup = 92C720251D4B6EE300E46B93 /* Products */;
			projectDirPath = "";
			projectRoot = "";
			targets = (
				92C720231D4B6EE300E46B93 /* JsonToProperties */,
			);
		};
/* End PBXProject section */

/* Begin PBXResourcesBuildPhase section */
		92C720221D4B6EE300E46B93 /* Resources */ = {
			isa = PBXResourcesBuildPhase;
			buildActionMask = 2147483647;
			files = (
				92C720291D4B6EE300E46B93 /* JsonToProperties.xcscheme in Resources */,
				92C720371D4B6F2900E46B93 /* ZMBWindowController.xib in Resources */,
			);
			runOnlyForDeploymentPostprocessing = 0;
		};
/* End PBXResourcesBuildPhase section */

/* Begin PBXSourcesBuildPhase section */
		92C720211D4B6EE300E46B93 /* Sources */ = {
			isa = PBXSourcesBuildPhase;
			buildActionMask = 2147483647;
			files = (
				92C7202C1D4B6EE400E46B93 /* JsonToProperties.m in Sources */,
				92C720361D4B6F2900E46B93 /* ZMBWindowController.m in Sources */,
			);
			runOnlyForDeploymentPostprocessing = 0;
		};
/* End PBXSourcesBuildPhase section */

/* Begin XCBuildConfiguration section */
		92C7202E1D4B6EE400E46B93 /* Debug */ = {
			isa = XCBuildConfiguration;
			buildSettings = {
				ALWAYS_SEARCH_USER_PATHS = NO;
				CLANG_ANALYZER_NONNULL = YES;
				CLANG_CXX_LANGUAGE_STANDARD = "gnu++0x";
				CLANG_CXX_LIBRARY = "libc++";
				CLANG_ENABLE_MODULES = YES;
				CLANG_ENABLE_OBJC_ARC = YES;
				CLANG_WARN_BOOL_CONVERSION = YES;
				CLANG_WARN_CONSTANT_CONVERSION = YES;
				CLANG_WARN_DIRECT_OBJC_ISA_USAGE = YES_ERROR;
				CLANG_WARN_EMPTY_BODY = YES;
				CLANG_WARN_ENUM_CONVERSION = YES;
				CLANG_WARN_INT_CONVERSION = YES;
				CLANG_WARN_OBJC_ROOT_CLASS = YES_ERROR;
				CLANG_WARN_UNREACHABLE_CODE = YES;
				CLANG_WARN__DUPLICATE_METHOD_MATCH = YES;
				CODE_SIGN_IDENTITY = "-";
				COPY_PHASE_STRIP = NO;
				DEBUG_INFORMATION_FORMAT = dwarf;
				ENABLE_STRICT_OBJC_MSGSEND = YES;
				ENABLE_TESTABILITY = YES;
				GCC_C_LANGUAGE_STANDARD = gnu99;
				GCC_DYNAMIC_NO_PIC = NO;
				GCC_NO_COMMON_BLOCKS = YES;
				GCC_OPTIMIZATION_LEVEL = 0;
				GCC_PREPROCESSOR_DEFINITIONS = (
					"DEBUG=1",
					"$(inherited)",
				);
				GCC_WARN_64_TO_32_BIT_CONVERSION = YES;
				GCC_WARN_ABOUT_RETURN_TYPE = YES_ERROR;
				GCC_WARN_UNDECLARED_SELECTOR = YES;
				GCC_WARN_UNINITIALIZED_AUTOS = YES_AGGRESSIVE;
				GCC_WARN_UNUSED_FUNCTION = YES;
				GCC_WARN_UNUSED_VARIABLE = YES;
				MACOSX_DEPLOYMENT_TARGET = 10.11;
				MTL_ENABLE_DEBUG_INFO = YES;
				ONLY_ACTIVE_ARCH = YES;
				SDKROOT = macosx;
			};
			name = Debug;
		};
		92C7202F1D4B6EE400E46B93 /* Release */ = {
			isa = XCBuildConfiguration;
			buildSettings = {
				ALWAYS_SEARCH_USER_PATHS = NO;
				CLANG_ANALYZER_NONNULL = YES;
				CLANG_CXX_LANGUAGE_STANDARD = "gnu++0x";
				CLANG_CXX_LIBRARY = "libc++";
				CLANG_ENABLE_MODULES = YES;
				CLANG_ENABLE_OBJC_ARC = YES;
				CLANG_WARN_BOOL_CONVERSION = YES;
				CLANG_WARN_CONSTANT_CONVERSION = YES;
				CLANG_WARN_DIRECT_OBJC_ISA_USAGE = YES_ERROR;
				CLANG_WARN_EMPTY_BODY = YES;
				CLANG_WARN_ENUM_CONVERSION = YES;
				CLANG_WARN_INT_CONVERSION = YES;
				CLANG_WARN_OBJC_ROOT_CLASS = YES_ERROR;
				CLANG_WARN_UNREACHABLE_CODE = YES;
				CLANG_WARN__DUPLICATE_METHOD_MATCH = YES;
				CODE_SIGN_IDENTITY = "-";
				COPY_PHASE_STRIP = NO;
				DEBUG_INFORMATION_FORMAT = "dwarf-with-dsym";
				ENABLE_NS_ASSERTIONS = NO;
				ENABLE_STRICT_OBJC_MSGSEND = YES;
				GCC_C_LANGUAGE_STANDARD = gnu99;
				GCC_NO_COMMON_BLOCKS = YES;
				GCC_WARN_64_TO_32_BIT_CONVERSION = YES;
				GCC_WARN_ABOUT_RETURN_TYPE = YES_ERROR;
				GCC_WARN_UNDECLARED_SELECTOR = YES;
				GCC_WARN_UNINITIALIZED_AUTOS = YES_AGGRESSIVE;
				GCC_WARN_UNUSED_FUNCTION = YES;
				GCC_WARN_UNUSED_VARIABLE = YES;
				MACOSX_DEPLOYMENT_TARGET = 10.11;
				MTL_ENABLE_DEBUG_INFO = NO;
				SDKROOT = macosx;
			};
			name = Release;
		};
		92C720311D4B6EE400E46B93 /* Debug */ = {
			isa = XCBuildConfiguration;
			buildSettings = {
				COMBINE_HIDPI_IMAGES = YES;
				DEPLOYMENT_LOCATION = YES;
				DSTROOT = "$(HOME)";
				INFOPLIST_FILE = JsonToProperties/Info.plist;
				INSTALL_PATH = "/Library/Application Support/Developer/Shared/Xcode/Plug-ins";
				PRODUCT_BUNDLE_IDENTIFIER = com.hoolang.JsonToProperties;
				PRODUCT_NAME = "$(TARGET_NAME)";
				WRAPPER_EXTENSION = xcplugin;
			};
			name = Debug;
		};
		92C720321D4B6EE400E46B93 /* Release */ = {
			isa = XCBuildConfiguration;
			buildSettings = {
				COMBINE_HIDPI_IMAGES = YES;
				DEPLOYMENT_LOCATION = YES;
				DSTROOT = "$(HOME)";
				INFOPLIST_FILE = JsonToProperties/Info.plist;
				INSTALL_PATH = "/Library/Application Support/Developer/Shared/Xcode/Plug-ins";
				PRODUCT_BUNDLE_IDENTIFIER = com.hoolang.JsonToProperties;
				PRODUCT_NAME = "$(TARGET_NAME)";
				WRAPPER_EXTENSION = xcplugin;
			};
			name = Release;
		};
/* End XCBuildConfiguration section */

/* Begin XCConfigurationList section */
		92C720201D4B6EE300E46B93 /* Build configuration list for PBXProject "JsonToProperties" */ = {
			isa = XCConfigurationList;
			buildConfigurations = (
				92C7202E1D4B6EE400E46B93 /* Debug */,
				92C7202F1D4B6EE400E46B93 /* Release */,
			);
			defaultConfigurationIsVisible = 0;
			defaultConfigurationName = Release;
		};
		92C720301D4B6EE400E46B93 /* Build configuration list for PBXNativeTarget "JsonToProperties" */ = {
			isa = XCConfigurationList;
			buildConfigurations = (
				92C720311D4B6EE400E46B93 /* Debug */,
				92C720321D4B6EE400E46B93 /* Release */,
			);
			defaultConfigurationIsVisible = 0;
		};
/* End XCConfigurationList section */
	};
	rootObject = 92C7201D1D4B6EE300E46B93 /* Project object */;
}
